{
  "name": "mx-rack-helper",
  "lockfileVersion": 3,
  "requires": true,
  "packages": {
    "": {
      "name": "mx-rack-helper",
      "dependencies": {
        "@mxfriend/common": "^1.0.1",
        "@mxfriend/libmx32": "^1.0.0",
        "@mxfriend/libmxair": "^1.0.0",
        "@mxfriend/osc": "^2.5.6",
        "@mxfriend/oscom": "^2.1.10"
      },
      "devDependencies": {
        "@tsconfig/node18": "^18.2.0",
        "@types/node": "^18.15.3",
        "typescript": "^5.1.6"
      }
    },
    "node_modules/@mxfriend/common": {
      "version": "1.0.1",
      "resolved": "https://registry.npmjs.org/@mxfriend/common/-/common-1.0.1.tgz",
      "integrity": "sha512-LtAZsJEu46UQObIiwqiPMYiormst+RCQGAvHFcPE/bL7a5N68T73dVwkhTB0te7r4VWy07VpIPcuV2m68TIVjA==",
      "dependencies": {
        "@mxfriend/osc": "^2.5.6",
        "@mxfriend/oscom": "^2.1.10"
      },
      "engines": {
        "node": ">=16"
      }
    },
    "node_modules/@mxfriend/libmx32": {
      "version": "1.0.0",
      "resolved": "https://registry.npmjs.org/@mxfriend/libmx32/-/libmx32-1.0.0.tgz",
      "integrity": "sha512-c3zq8XLSZSzu1cVPC1wCcli/pCN5MFdRmyy5jGCMn9JYYWl/CLIrjexfWUUyi9NpNx182Mze7wjWPJ3VeDg1Jw==",
      "dependencies": {
        "@mxfriend/common": "^1.0.0",
        "@mxfriend/osc": "^2.5.6",
        "@mxfriend/oscom": "^2.1.10"
      },
      "engines": {
        "node": ">=16"
      }
    },
    "node_modules/@mxfriend/libmxair": {
      "version": "1.0.0",
      "resolved": "https://registry.npmjs.org/@mxfriend/libmxair/-/libmxair-1.0.0.tgz",
      "integrity": "sha512-/jnHxE4uIdpyEkqMiGFJz3529iWk3GS7IVzHwCQYlprLONmpUjlwLpBghhLG21wmEL1uFvlvXcCKfW0gOuXlNA==",
      "dependencies": {
        "@mxfriend/common": "^1.0.0",
        "@mxfriend/osc": "^2.5.6",
        "@mxfriend/oscom": "^2.1.10"
      },
      "engines": {
        "node": ">=16"
      }
    },
    "node_modules/@mxfriend/osc": {
      "version": "2.5.6",
      "resolved": "https://registry.npmjs.org/@mxfriend/osc/-/osc-2.5.6.tgz",
      "integrity": "sha512-HC6kPVU4YZEPHgOMAbC+OmgYdE7U4DoymhAOQPEEEhzTSHLK8rTliFPzadz30nPkysgUfJVuMm/T7yVeUjqajg==",
      "engines": {
        "node": ">=16"
      },
      "peerDependencies": {
        "ws": "^8.12.0"
      },
      "peerDependenciesMeta": {
        "ws": {
          "optional": true
        }
      }
    },
    "node_modules/@mxfriend/oscom": {
      "version": "2.1.10",
      "resolved": "https://registry.npmjs.org/@mxfriend/oscom/-/oscom-2.1.10.tgz",
      "integrity": "sha512-EDUpn5MI5j54QLJlT/aiSZuOQAO3hUwUP1w2F72egQwMRGFO+ubDl0iaPco9WDmpALbDgD9uW7Ahjcq6VBwuNw==",
      "dependencies": {
        "@mxfriend/osc": "^2.5.6",
        "reflect-metadata": "^0.1.13"
      },
      "engines": {
        "node": ">=16"
      }
    },
    "node_modules/@tsconfig/node18": {
      "version": "18.2.0",
      "resolved": "https://registry.npmjs.org/@tsconfig/node18/-/node18-18.2.0.tgz",
      "integrity": "sha512-yhxwIlFVSVcMym3O31HoMnRXpoenmpIxcj4Yoes2DUpe+xCJnA7ECQP1Vw889V0jTt/2nzvpLQ/UuMYCd3JPIg==",
      "dev": true
    },
    "node_modules/@types/node": {
      "version": "18.17.6",
      "resolved": "https://registry.npmjs.org/@types/node/-/node-18.17.6.tgz",
      "integrity": "sha512-fGmT/P7z7ecA6bv/ia5DlaWCH4YeZvAQMNpUhrJjtAhOhZfoxS1VLUgU2pdk63efSjQaOJWdXMuAJsws+8I6dg==",
      "dev": true
    },
    "node_modules/reflect-metadata": {
      "version": "0.1.13",
      "resolved": "https://registry.npmjs.org/reflect-metadata/-/reflect-metadata-0.1.13.tgz",
      "integrity": "sha512-Ts1Y/anZELhSsjMcU605fU9RE4Oi3p5ORujwbIKXfWa+0Zxs510Qrmrce5/Jowq3cHSZSJqBjypxmHarc+vEWg=="
    },
    "node_modules/typescript": {
      "version": "5.1.6",
      "resolved": "https://registry.npmjs.org/typescript/-/typescript-5.1.6.tgz",
      "integrity": "sha512-zaWCozRZ6DLEWAWFrVDz1H6FVXzUSfTy5FUMWsQlU8Ym5JP9eO4xkTIROFCQvhQf61z6O/G6ugw3SgAnvvm+HA==",
      "dev": true,
      "bin": {
        "tsc": "bin/tsc",
        "tsserver": "bin/tsserver"
      },
      "engines": {
        "node": ">=14.17"
      }
    }
  }
}
